
Microsoft Visual Studio Solution File, Format Version 12.00
# Visual Studio Version 17
VisualStudioVersion = 17.7.34018.315
MinimumVisualStudioVersion = 10.0.40219.1
Project("{FAE04EC0-301F-11D3-BF4B-00C04F79EFBC}") = "BetterScreenMessages", "BetterScreenMessages.csproj", "{438C9603-02DE-464A-854F-C85A3B7FD30E}"
EndProject
Global
	GlobalSection(SolutionConfigurationPlatforms) = preSolution
		Debug|Any CPU = Debug|Any CPU
		Release|Any CPU = Release|Any CPU
	EndGlobalSection
	GlobalSection(ProjectConfigurationPlatforms) = postSolution
		{438C9603-02DE-464A-854F-C85A3B7FD30E}.Debug|Any CPU.ActiveCfg = Debug|Any CPU
		{438C9603-02DE-464A-854F-C85A3B7FD30E}.Debug|Any CPU.Build.0 = Debug|Any CPU
		{438C9603-02DE-464A-854F-C85A3B7FD30E}.Release|Any CPU.ActiveCfg = Release|Any CPU
		{438C9603-02DE-464A-854F-C85A3B7FD30E}.Release|Any CPU.Build.0 = Release|Any CPU
	EndGlobalSection
	GlobalSection(SolutionProperties) = preSolution
		HideSolutionNode = FALSE
	EndGlobalSection
	GlobalSection(ExtensibilityGlobals) = postSolution
		SolutionGuid = {8F6DA208-28B8-4C6F-9C76-6C18C1F64D32}
	EndGlobalSection
EndGlobal
